
Microsoft Visual Studio Solution File, Format Version 12.00
# Visual Studio Version 17
VisualStudioVersion = 17.8.34316.72
MinimumVisualStudioVersion = 10.0.40219.1
Project("{9A19103F-16F7-4668-BE54-9A1E7A4F7556}") = "AbstractFactory", "AbstractFactory\AbstractFactory.csproj", "{F1E1DAF2-F5C4-43A9-A00F-7EF1B5112026}"
EndProject
Project("{9A19103F-16F7-4668-BE54-9A1E7A4F7556}") = "Builder", "Builder\Builder.csproj", "{AE328D14-6709-4023-B187-5A7B48BDC978}"
EndProject
Project("{FAE04EC0-301F-11D3-BF4B-00C04F79EFBC}") = "Composite", "Composite\Composite.csproj", "{CC2E3E38-76FD-4233-A97B-639D1E668F20}"
EndProject
Global
	GlobalSection(SolutionConfigurationPlatforms) = preSolution
		Debug|Any CPU = Debug|Any CPU
		Release|Any CPU = Release|Any CPU
	EndGlobalSection
	GlobalSection(ProjectConfigurationPlatforms) = postSolution
		{F1E1DAF2-F5C4-43A9-A00F-7EF1B5112026}.Debug|Any CPU.ActiveCfg = Debug|Any CPU
		{F1E1DAF2-F5C4-43A9-A00F-7EF1B5112026}.Debug|Any CPU.Build.0 = Debug|Any CPU
		{F1E1DAF2-F5C4-43A9-A00F-7EF1B5112026}.Release|Any CPU.ActiveCfg = Release|Any CPU
		{F1E1DAF2-F5C4-43A9-A00F-7EF1B5112026}.Release|Any CPU.Build.0 = Release|Any CPU
		{AE328D14-6709-4023-B187-5A7B48BDC978}.Debug|Any CPU.ActiveCfg = Debug|Any CPU
		{AE328D14-6709-4023-B187-5A7B48BDC978}.Debug|Any CPU.Build.0 = Debug|Any CPU
		{AE328D14-6709-4023-B187-5A7B48BDC978}.Release|Any CPU.ActiveCfg = Release|Any CPU
		{AE328D14-6709-4023-B187-5A7B48BDC978}.Release|Any CPU.Build.0 = Release|Any CPU
		{CC2E3E38-76FD-4233-A97B-639D1E668F20}.Debug|Any CPU.ActiveCfg = Debug|Any CPU
		{CC2E3E38-76FD-4233-A97B-639D1E668F20}.Debug|Any CPU.Build.0 = Debug|Any CPU
		{CC2E3E38-76FD-4233-A97B-639D1E668F20}.Release|Any CPU.ActiveCfg = Release|Any CPU
		{CC2E3E38-76FD-4233-A97B-639D1E668F20}.Release|Any CPU.Build.0 = Release|Any CPU
	EndGlobalSection
	GlobalSection(SolutionProperties) = preSolution
		HideSolutionNode = FALSE
	EndGlobalSection
	GlobalSection(ExtensibilityGlobals) = postSolution
		SolutionGuid = {318FC56E-203E-477C-AFAC-F246294BE228}
	EndGlobalSection
EndGlobal
